{
  "name": "bobby-emoji-search",
  "version": "1.0.0",
  "lockfileVersion": 1,
  "requires": true,
  "dependencies": {
    "@types/emojione": {
      "version": "2.2.2",
      "resolved": "https://registry.npmjs.org/@types/emojione/-/emojione-2.2.2.tgz",
      "integrity": "sha512-ls01TUaTHC0MCBeGASpHTNx1vN2a1MH89n+Y/+QJaNUeM8exyia0DxYJ9SBZKysQsZe4BlR5vRw0NZ9Kh8vsnw=="
    },
    "emojione": {
      "version": "3.1.2",
      "resolved": "https://registry.npmjs.org/emojione/-/emojione-3.1.2.tgz",
      "integrity": "sha1-mR4wyA20sc8V6ssldiCn7c6cbvQ="
    },
    "typescript": {
      "version": "2.6.2",
      "resolved": "https://registry.npmjs.org/typescript/-/typescript-2.6.2.tgz",
      "integrity": "sha1-PFtv1/beCRQmkCfwPAlGdY92c6Q=",
      "dev": true
    }
  }
}
